// !$*UTF8*$!
{
	archiveVersion = 1;
	classes = {
	};
	objectVersion = 56;
	objects = {

/* Begin PBXBuildFile section */
		17B7854F39140B3B084627B7 /* Pods_WeatherDemo_WeatherDemoUITests.framework in Frameworks */ = {isa = PBXBuildFile; fileRef = FF3C7F6AA2BAF9D226D7972D /* Pods_WeatherDemo_WeatherDemoUITests.framework */; };
		7B47FC8D29E7B51B0085F1C9 /* WeatherRespone.swift in Sources */ = {isa = PBXBuildFile; fileRef = 7B47FC8C29E7B51B0085F1C9 /* WeatherRespone.swift */; };
		7B47FC9229E7B5B40085F1C9 /* WeatherViewModel.swift in Sources */ = {isa = PBXBuildFile; fileRef = 7B47FC9129E7B5B40085F1C9 /* WeatherViewModel.swift */; };
		7B47FC9629E7B66F0085F1C9 /* WeatherAPIManager.swift in Sources */ = {isa = PBXBuildFile; fileRef = 7B47FC9429E7B66F0085F1C9 /* WeatherAPIManager.swift */; };
		7B47FC9729E7B66F0085F1C9 /* NetworkManager.swift in Sources */ = {isa = PBXBuildFile; fileRef = 7B47FC9529E7B66F0085F1C9 /* NetworkManager.swift */; };
		7B47FC9B29E7B6D00085F1C9 /* Constants.swift in Sources */ = {isa = PBXBuildFile; fileRef = 7B47FC9929E7B6D00085F1C9 /* Constants.swift */; };
		7B47FC9C29E7B6D00085F1C9 /* UserDefaults.swift in Sources */ = {isa = PBXBuildFile; fileRef = 7B47FC9A29E7B6D00085F1C9 /* UserDefaults.swift */; };
		7B47FC9F29E7B7180085F1C9 /* UIViewController+Extensions.swift in Sources */ = {isa = PBXBuildFile; fileRef = 7B47FC9E29E7B7180085F1C9 /* UIViewController+Extensions.swift */; };
		7B80B67D29E7AD1300A25A8C /* AppDelegate.swift in Sources */ = {isa = PBXBuildFile; fileRef = 7B80B67C29E7AD1300A25A8C /* AppDelegate.swift */; };
		7B80B67F29E7AD1300A25A8C /* SceneDelegate.swift in Sources */ = {isa = PBXBuildFile; fileRef = 7B80B67E29E7AD1300A25A8C /* SceneDelegate.swift */; };
		7B80B68129E7AD1300A25A8C /* ViewController.swift in Sources */ = {isa = PBXBuildFile; fileRef = 7B80B68029E7AD1300A25A8C /* ViewController.swift */; };
		7B80B68429E7AD1300A25A8C /* Main.storyboard in Resources */ = {isa = PBXBuildFile; fileRef = 7B80B68229E7AD1300A25A8C /* Main.storyboard */; };
		7B80B68629E7AD1400A25A8C /* Assets.xcassets in Resources */ = {isa = PBXBuildFile; fileRef = 7B80B68529E7AD1400A25A8C /* Assets.xcassets */; };
		7B80B68929E7AD1400A25A8C /* LaunchScreen.storyboard in Resources */ = {isa = PBXBuildFile; fileRef = 7B80B68729E7AD1400A25A8C /* LaunchScreen.storyboard */; };
		7B80B69429E7AD1500A25A8C /* WeatherDemoTests.swift in Sources */ = {isa = PBXBuildFile; fileRef = 7B80B69329E7AD1500A25A8C /* WeatherDemoTests.swift */; };
		7B80B69E29E7AD1500A25A8C /* WeatherDemoUITests.swift in Sources */ = {isa = PBXBuildFile; fileRef = 7B80B69D29E7AD1500A25A8C /* WeatherDemoUITests.swift */; };
		7B80B6A029E7AD1500A25A8C /* WeatherDemoUITestsLaunchTests.swift in Sources */ = {isa = PBXBuildFile; fileRef = 7B80B69F29E7AD1500A25A8C /* WeatherDemoUITestsLaunchTests.swift */; };
		7B80B6AC29E7B02E00A25A8C /* Pods_WeatherDemo.framework in Frameworks */ = {isa = PBXBuildFile; fileRef = 5C0D6D123BB35BF0BFC8A283 /* Pods_WeatherDemo.framework */; };
		917103F303B71047F928DD8E /* Pods_WeatherDemoTests.framework in Frameworks */ = {isa = PBXBuildFile; fileRef = 62DE8877A92F3688AB4A278A /* Pods_WeatherDemoTests.framework */; };
/* End PBXBuildFile section */

/* Begin PBXContainerItemProxy section */
		7B80B69029E7AD1500A25A8C /* PBXContainerItemProxy */ = {
			isa = PBXContainerItemProxy;
			containerPortal = 7B80B67129E7AD1300A25A8C /* Project object */;
			proxyType = 1;
			remoteGlobalIDString = 7B80B67829E7AD1300A25A8C;
			remoteInfo = WeatherDemo;
		};
		7B80B69A29E7AD1500A25A8C /* PBXContainerItemProxy */ = {
			isa = PBXContainerItemProxy;
			containerPortal = 7B80B67129E7AD1300A25A8C /* Project object */;
			proxyType = 1;
			remoteGlobalIDString = 7B80B67829E7AD1300A25A8C;
			remoteInfo = WeatherDemo;
		};
/* End PBXContainerItemProxy section */

/* Begin PBXFileReference section */
		04607335769447EB2BD3AD81 /* Pods-WeatherDemo.debug.xcconfig */ = {isa = PBXFileReference; includeInIndex = 1; lastKnownFileType = text.xcconfig; name = "Pods-WeatherDemo.debug.xcconfig"; path = "Target Support Files/Pods-WeatherDemo/Pods-WeatherDemo.debug.xcconfig"; sourceTree = "<group>"; };
		3D2CF0750A4C1FA892B860CD /* Pods-WeatherDemo.release.xcconfig */ = {isa = PBXFileReference; includeInIndex = 1; lastKnownFileType = text.xcconfig; name = "Pods-WeatherDemo.release.xcconfig"; path = "Target Support Files/Pods-WeatherDemo/Pods-WeatherDemo.release.xcconfig"; sourceTree = "<group>"; };
		3EAB2360912F7949EA2ED287 /* Pods-WeatherDemoTests.debug.xcconfig */ = {isa = PBXFileReference; includeInIndex = 1; lastKnownFileType = text.xcconfig; name = "Pods-WeatherDemoTests.debug.xcconfig"; path = "Target Support Files/Pods-WeatherDemoTests/Pods-WeatherDemoTests.debug.xcconfig"; sourceTree = "<group>"; };
		4F1C9371C6EF2693A4591880 /* Pods-WeatherDemoTests.release.xcconfig */ = {isa = PBXFileReference; includeInIndex = 1; lastKnownFileType = text.xcconfig; name = "Pods-WeatherDemoTests.release.xcconfig"; path = "Target Support Files/Pods-WeatherDemoTests/Pods-WeatherDemoTests.release.xcconfig"; sourceTree = "<group>"; };
		51915A75AA6FA1547C13B413 /* Pods-WeatherDemo-WeatherDemoUITests.debug.xcconfig */ = {isa = PBXFileReference; includeInIndex = 1; lastKnownFileType = text.xcconfig; name = "Pods-WeatherDemo-WeatherDemoUITests.debug.xcconfig"; path = "Target Support Files/Pods-WeatherDemo-WeatherDemoUITests/Pods-WeatherDemo-WeatherDemoUITests.debug.xcconfig"; sourceTree = "<group>"; };
		5B0C55FC76AE1820F30521E1 /* Pods-WeatherDemo-WeatherDemoUITests.release.xcconfig */ = {isa = PBXFileReference; includeInIndex = 1; lastKnownFileType = text.xcconfig; name = "Pods-WeatherDemo-WeatherDemoUITests.release.xcconfig"; path = "Target Support Files/Pods-WeatherDemo-WeatherDemoUITests/Pods-WeatherDemo-WeatherDemoUITests.release.xcconfig"; sourceTree = "<group>"; };
		5C0D6D123BB35BF0BFC8A283 /* Pods_WeatherDemo.framework */ = {isa = PBXFileReference; explicitFileType = wrapper.framework; includeInIndex = 0; path = Pods_WeatherDemo.framework; sourceTree = BUILT_PRODUCTS_DIR; };
		62DE8877A92F3688AB4A278A /* Pods_WeatherDemoTests.framework */ = {isa = PBXFileReference; explicitFileType = wrapper.framework; includeInIndex = 0; path = Pods_WeatherDemoTests.framework; sourceTree = BUILT_PRODUCTS_DIR; };
		7B47FC8C29E7B51B0085F1C9 /* WeatherRespone.swift */ = {isa = PBXFileReference; fileEncoding = 4; lastKnownFileType = sourcecode.swift; path = WeatherRespone.swift; sourceTree = "<group>"; };
		7B47FC9129E7B5B40085F1C9 /* WeatherViewModel.swift */ = {isa = PBXFileReference; fileEncoding = 4; lastKnownFileType = sourcecode.swift; path = WeatherViewModel.swift; sourceTree = "<group>"; };
		7B47FC9429E7B66F0085F1C9 /* WeatherAPIManager.swift */ = {isa = PBXFileReference; fileEncoding = 4; lastKnownFileType = sourcecode.swift; path = WeatherAPIManager.swift; sourceTree = "<group>"; };
		7B47FC9529E7B66F0085F1C9 /* NetworkManager.swift */ = {isa = PBXFileReference; fileEncoding = 4; lastKnownFileType = sourcecode.swift; path = NetworkManager.swift; sourceTree = "<group>"; };
		7B47FC9929E7B6D00085F1C9 /* Constants.swift */ = {isa = PBXFileReference; fileEncoding = 4; lastKnownFileType = sourcecode.swift; path = Constants.swift; sourceTree = "<group>"; };
		7B47FC9A29E7B6D00085F1C9 /* UserDefaults.swift */ = {isa = PBXFileReference; fileEncoding = 4; lastKnownFileType = sourcecode.swift; path = UserDefaults.swift; sourceTree = "<group>"; };
		7B47FC9E29E7B7180085F1C9 /* UIViewController+Extensions.swift */ = {isa = PBXFileReference; fileEncoding = 4; lastKnownFileType = sourcecode.swift; path = "UIViewController+Extensions.swift"; sourceTree = "<group>"; };
		7B80B67929E7AD1300A25A8C /* WeatherDemo.app */ = {isa = PBXFileReference; explicitFileType = wrapper.application; includeInIndex = 0; path = WeatherDemo.app; sourceTree = BUILT_PRODUCTS_DIR; };
		7B80B67C29E7AD1300A25A8C /* AppDelegate.swift */ = {isa = PBXFileReference; lastKnownFileType = sourcecode.swift; path = AppDelegate.swift; sourceTree = "<group>"; };
		7B80B67E29E7AD1300A25A8C /* SceneDelegate.swift */ = {isa = PBXFileReference; lastKnownFileType = sourcecode.swift; path = SceneDelegate.swift; sourceTree = "<group>"; };
		7B80B68029E7AD1300A25A8C /* ViewController.swift */ = {isa = PBXFileReference; lastKnownFileType = sourcecode.swift; path = ViewController.swift; sourceTree = "<group>"; };
		7B80B68329E7AD1300A25A8C /* Base */ = {isa = PBXFileReference; lastKnownFileType = file.storyboard; name = Base; path = Base.lproj/Main.storyboard; sourceTree = "<group>"; };
		7B80B68529E7AD1400A25A8C /* Assets.xcassets */ = {isa = PBXFileReference; lastKnownFileType = folder.assetcatalog; path = Assets.xcassets; sourceTree = "<group>"; };
		7B80B68829E7AD1400A25A8C /* Base */ = {isa = PBXFileReference; lastKnownFileType = file.storyboard; name = Base; path = Base.lproj/LaunchScreen.storyboard; sourceTree = "<group>"; };
		7B80B68A29E7AD1400A25A8C /* Info.plist */ = {isa = PBXFileReference; lastKnownFileType = text.plist.xml; path = Info.plist; sourceTree = "<group>"; };
		7B80B68F29E7AD1500A25A8C /* WeatherDemoTests.xctest */ = {isa = PBXFileReference; explicitFileType = wrapper.cfbundle; includeInIndex = 0; path = WeatherDemoTests.xctest; sourceTree = BUILT_PRODUCTS_DIR; };
		7B80B69329E7AD1500A25A8C /* WeatherDemoTests.swift */ = {isa = PBXFileReference; lastKnownFileType = sourcecode.swift; path = WeatherDemoTests.swift; sourceTree = "<group>"; };
		7B80B69929E7AD1500A25A8C /* WeatherDemoUITests.xctest */ = {isa = PBXFileReference; explicitFileType = wrapper.cfbundle; includeInIndex = 0; path = WeatherDemoUITests.xctest; sourceTree = BUILT_PRODUCTS_DIR; };
		7B80B69D29E7AD1500A25A8C /* WeatherDemoUITests.swift */ = {isa = PBXFileReference; lastKnownFileType = sourcecode.swift; path = WeatherDemoUITests.swift; sourceTree = "<group>"; };
		7B80B69F29E7AD1500A25A8C /* WeatherDemoUITestsLaunchTests.swift */ = {isa = PBXFileReference; lastKnownFileType = sourcecode.swift; path = WeatherDemoUITestsLaunchTests.swift; sourceTree = "<group>"; };
		FF3C7F6AA2BAF9D226D7972D /* Pods_WeatherDemo_WeatherDemoUITests.framework */ = {isa = PBXFileReference; explicitFileType = wrapper.framework; includeInIndex = 0; path = Pods_WeatherDemo_WeatherDemoUITests.framework; sourceTree = BUILT_PRODUCTS_DIR; };
/* End PBXFileReference section */

/* Begin PBXFrameworksBuildPhase section */
		7B80B67629E7AD1300A25A8C /* Frameworks */ = {
			isa = PBXFrameworksBuildPhase;
			buildActionMask = 2147483647;
			files = (
				7B80B6AC29E7B02E00A25A8C /* Pods_WeatherDemo.framework in Frameworks */,
			);
			runOnlyForDeploymentPostprocessing = 0;
		};
		7B80B68C29E7AD1500A25A8C /* Frameworks */ = {
			isa = PBXFrameworksBuildPhase;
			buildActionMask = 2147483647;
			files = (
				917103F303B71047F928DD8E /* Pods_WeatherDemoTests.framework in Frameworks */,
			);
			runOnlyForDeploymentPostprocessing = 0;
		};
		7B80B69629E7AD1500A25A8C /* Frameworks */ = {
			isa = PBXFrameworksBuildPhase;
			buildActionMask = 2147483647;
			files = (
				17B7854F39140B3B084627B7 /* Pods_WeatherDemo_WeatherDemoUITests.framework in Frameworks */,
			);
			runOnlyForDeploymentPostprocessing = 0;
		};
/* End PBXFrameworksBuildPhase section */

/* Begin PBXGroup section */
		7B47FC8B29E7B4DF0085F1C9 /* Model */ = {
			isa = PBXGroup;
			children = (
				7B47FC8C29E7B51B0085F1C9 /* WeatherRespone.swift */,
			);
			path = Model;
			sourceTree = "<group>";
		};
		7B47FC8E29E7B53E0085F1C9 /* ViewController */ = {
			isa = PBXGroup;
			children = (
				7B80B68029E7AD1300A25A8C /* ViewController.swift */,
			);
			path = ViewController;
			sourceTree = "<group>";
		};
		7B47FC8F29E7B54D0085F1C9 /* View */ = {
			isa = PBXGroup;
			children = (
				7B80B68229E7AD1300A25A8C /* Main.storyboard */,
				7B80B68729E7AD1400A25A8C /* LaunchScreen.storyboard */,
			);
			path = View;
			sourceTree = "<group>";
		};
		7B47FC9029E7B5770085F1C9 /* ViewModel */ = {
			isa = PBXGroup;
			children = (
				7B47FC9129E7B5B40085F1C9 /* WeatherViewModel.swift */,
			);
			path = ViewModel;
			sourceTree = "<group>";
		};
		7B47FC9329E7B5D60085F1C9 /* APIServices */ = {
			isa = PBXGroup;
			children = (
				7B47FC9529E7B66F0085F1C9 /* NetworkManager.swift */,
				7B47FC9429E7B66F0085F1C9 /* WeatherAPIManager.swift */,
			);
			path = APIServices;
			sourceTree = "<group>";
		};
		7B47FC9829E7B6890085F1C9 /* Utilities */ = {
			isa = PBXGroup;
			children = (
				7B47FC9929E7B6D00085F1C9 /* Constants.swift */,
				7B47FC9A29E7B6D00085F1C9 /* UserDefaults.swift */,
			);
			path = Utilities;
			sourceTree = "<group>";
		};
		7B47FC9D29E7B6E50085F1C9 /* Extensions */ = {
			isa = PBXGroup;
			children = (
				7B47FC9E29E7B7180085F1C9 /* UIViewController+Extensions.swift */,
			);
			path = Extensions;
			sourceTree = "<group>";
		};
		7B80B67029E7AD1300A25A8C = {
			isa = PBXGroup;
			children = (
				7B80B67B29E7AD1300A25A8C /* WeatherDemo */,
				7B80B69229E7AD1500A25A8C /* WeatherDemoTests */,
				7B80B69C29E7AD1500A25A8C /* WeatherDemoUITests */,
				7B80B67A29E7AD1300A25A8C /* Products */,
				E755C1484D7AECB2C7ACA79F /* Pods */,
				8962679F3F158C8402E92DC0 /* Frameworks */,
			);
			sourceTree = "<group>";
		};
		7B80B67A29E7AD1300A25A8C /* Products */ = {
			isa = PBXGroup;
			children = (
				7B80B67929E7AD1300A25A8C /* WeatherDemo.app */,
				7B80B68F29E7AD1500A25A8C /* WeatherDemoTests.xctest */,
				7B80B69929E7AD1500A25A8C /* WeatherDemoUITests.xctest */,
			);
			name = Products;
			sourceTree = "<group>";
		};
		7B80B67B29E7AD1300A25A8C /* WeatherDemo */ = {
			isa = PBXGroup;
			children = (
				7B80B67C29E7AD1300A25A8C /* AppDelegate.swift */,
				7B80B67E29E7AD1300A25A8C /* SceneDelegate.swift */,
				7B47FC8B29E7B4DF0085F1C9 /* Model */,
				7B47FC9029E7B5770085F1C9 /* ViewModel */,
				7B47FC8F29E7B54D0085F1C9 /* View */,
				7B47FC8E29E7B53E0085F1C9 /* ViewController */,
				7B47FC9329E7B5D60085F1C9 /* APIServices */,
				7B47FC9829E7B6890085F1C9 /* Utilities */,
				7B47FC9D29E7B6E50085F1C9 /* Extensions */,
				7B80B68529E7AD1400A25A8C /* Assets.xcassets */,
				7B80B68A29E7AD1400A25A8C /* Info.plist */,
			);
			path = WeatherDemo;
			sourceTree = "<group>";
		};
		7B80B69229E7AD1500A25A8C /* WeatherDemoTests */ = {
			isa = PBXGroup;
			children = (
				7B80B69329E7AD1500A25A8C /* WeatherDemoTests.swift */,
			);
			path = WeatherDemoTests;
			sourceTree = "<group>";
		};
		7B80B69C29E7AD1500A25A8C /* WeatherDemoUITests */ = {
			isa = PBXGroup;
			children = (
				7B80B69D29E7AD1500A25A8C /* WeatherDemoUITests.swift */,
				7B80B69F29E7AD1500A25A8C /* WeatherDemoUITestsLaunchTests.swift */,
			);
			path = WeatherDemoUITests;
			sourceTree = "<group>";
		};
		8962679F3F158C8402E92DC0 /* Frameworks */ = {
			isa = PBXGroup;
			children = (
				5C0D6D123BB35BF0BFC8A283 /* Pods_WeatherDemo.framework */,
				FF3C7F6AA2BAF9D226D7972D /* Pods_WeatherDemo_WeatherDemoUITests.framework */,
				62DE8877A92F3688AB4A278A /* Pods_WeatherDemoTests.framework */,
			);
			name = Frameworks;
			sourceTree = "<group>";
		};
		E755C1484D7AECB2C7ACA79F /* Pods */ = {
			isa = PBXGroup;
			children = (
				04607335769447EB2BD3AD81 /* Pods-WeatherDemo.debug.xcconfig */,
				3D2CF0750A4C1FA892B860CD /* Pods-WeatherDemo.release.xcconfig */,
				51915A75AA6FA1547C13B413 /* Pods-WeatherDemo-WeatherDemoUITests.debug.xcconfig */,
				5B0C55FC76AE1820F30521E1 /* Pods-WeatherDemo-WeatherDemoUITests.release.xcconfig */,
				3EAB2360912F7949EA2ED287 /* Pods-WeatherDemoTests.debug.xcconfig */,
				4F1C9371C6EF2693A4591880 /* Pods-WeatherDemoTests.release.xcconfig */,
			);
			path = Pods;
			sourceTree = "<group>";
		};
/* End PBXGroup section */

/* Begin PBXNativeTarget section */
		7B80B67829E7AD1300A25A8C /* WeatherDemo */ = {
			isa = PBXNativeTarget;
			buildConfigurationList = 7B80B6A329E7AD1500A25A8C /* Build configuration list for PBXNativeTarget "WeatherDemo" */;
			buildPhases = (
				4A04241BD33E201CDBF65B7D /* [CP] Check Pods Manifest.lock */,
				7B80B67529E7AD1300A25A8C /* Sources */,
				7B80B67629E7AD1300A25A8C /* Frameworks */,
				7B80B67729E7AD1300A25A8C /* Resources */,
				32437408C662A08A5F4ABCA4 /* [CP] Embed Pods Frameworks */,
			);
			buildRules = (
			);
			dependencies = (
			);
			name = WeatherDemo;
			productName = WeatherDemo;
			productReference = 7B80B67929E7AD1300A25A8C /* WeatherDemo.app */;
			productType = "com.apple.product-type.application";
		};
		7B80B68E29E7AD1500A25A8C /* WeatherDemoTests */ = {
			isa = PBXNativeTarget;
			buildConfigurationList = 7B80B6A629E7AD1500A25A8C /* Build configuration list for PBXNativeTarget "WeatherDemoTests" */;
			buildPhases = (
				CDB136EE8210547898A5F539 /* [CP] Check Pods Manifest.lock */,
				7B80B68B29E7AD1500A25A8C /* Sources */,
				7B80B68C29E7AD1500A25A8C /* Frameworks */,
				7B80B68D29E7AD1500A25A8C /* Resources */,
			);
			buildRules = (
			);
			dependencies = (
				7B80B69129E7AD1500A25A8C /* PBXTargetDependency */,
			);
			name = WeatherDemoTests;
			productName = WeatherDemoTests;
			productReference = 7B80B68F29E7AD1500A25A8C /* WeatherDemoTests.xctest */;
			productType = "com.apple.product-type.bundle.unit-test";
		};
		7B80B69829E7AD1500A25A8C /* WeatherDemoUITests */ = {
			isa = PBXNativeTarget;
			buildConfigurationList = 7B80B6A929E7AD1500A25A8C /* Build configuration list for PBXNativeTarget "WeatherDemoUITests" */;
			buildPhases = (
				B03957DFC77DDA71D6AB1A81 /* [CP] Check Pods Manifest.lock */,
				7B80B69529E7AD1500A25A8C /* Sources */,
				7B80B69629E7AD1500A25A8C /* Frameworks */,
				7B80B69729E7AD1500A25A8C /* Resources */,
				AA4A04EDA462CBB3EB29DA9F /* [CP] Embed Pods Frameworks */,
			);
			buildRules = (
			);
			dependencies = (
				7B80B69B29E7AD1500A25A8C /* PBXTargetDependency */,
			);
			name = WeatherDemoUITests;
			productName = WeatherDemoUITests;
			productReference = 7B80B69929E7AD1500A25A8C /* WeatherDemoUITests.xctest */;
			productType = "com.apple.product-type.bundle.ui-testing";
		};
/* End PBXNativeTarget section */

/* Begin PBXProject section */
		7B80B67129E7AD1300A25A8C /* Project object */ = {
			isa = PBXProject;
			attributes = {
				BuildIndependentTargetsInParallel = 1;
				LastSwiftUpdateCheck = 1410;
				LastUpgradeCheck = 1410;
				TargetAttributes = {
					7B80B67829E7AD1300A25A8C = {
						CreatedOnToolsVersion = 14.1;
					};
					7B80B68E29E7AD1500A25A8C = {
						CreatedOnToolsVersion = 14.1;
						TestTargetID = 7B80B67829E7AD1300A25A8C;
					};
					7B80B69829E7AD1500A25A8C = {
						CreatedOnToolsVersion = 14.1;
						TestTargetID = 7B80B67829E7AD1300A25A8C;
					};
				};
			};
			buildConfigurationList = 7B80B67429E7AD1300A25A8C /* Build configuration list for PBXProject "WeatherDemo" */;
			compatibilityVersion = "Xcode 14.0";
			developmentRegion = en;
			hasScannedForEncodings = 0;
			knownRegions = (
				en,
				Base,
			);
			mainGroup = 7B80B67029E7AD1300A25A8C;
			productRefGroup = 7B80B67A29E7AD1300A25A8C /* Products */;
			projectDirPath = "";
			projectRoot = "";
			targets = (
				7B80B67829E7AD1300A25A8C /* WeatherDemo */,
				7B80B68E29E7AD1500A25A8C /* WeatherDemoTests */,
				7B80B69829E7AD1500A25A8C /* WeatherDemoUITests */,
			);
		};
/* End PBXProject section */

/* Begin PBXResourcesBuildPhase section */
		7B80B67729E7AD1300A25A8C /* Resources */ = {
			isa = PBXResourcesBuildPhase;
			buildActionMask = 2147483647;
			files = (
				7B80B68929E7AD1400A25A8C /* LaunchScreen.storyboard in Resources */,
				7B80B68629E7AD1400A25A8C /* Assets.xcassets in Resources */,
				7B80B68429E7AD1300A25A8C /* Main.storyboard in Resources */,
			);
			runOnlyForDeploymentPostprocessing = 0;
		};
		7B80B68D29E7AD1500A25A8C /* Resources */ = {
			isa = PBXResourcesBuildPhase;
			buildActionMask = 2147483647;
			files = (
			);
			runOnlyForDeploymentPostprocessing = 0;
		};
		7B80B69729E7AD1500A25A8C /* Resources */ = {
			isa = PBXResourcesBuildPhase;
			buildActionMask = 2147483647;
			files = (
			);
			runOnlyForDeploymentPostprocessing = 0;
		};
/* End PBXResourcesBuildPhase section */

/* Begin PBXShellScriptBuildPhase section */
		32437408C662A08A5F4ABCA4 /* [CP] Embed Pods Frameworks */ = {
			isa = PBXShellScriptBuildPhase;
			buildActionMask = 2147483647;
			files = (
			);
			inputFileListPaths = (
				"${PODS_ROOT}/Target Support Files/Pods-WeatherDemo/Pods-WeatherDemo-frameworks-${CONFIGURATION}-input-files.xcfilelist",
			);
			name = "[CP] Embed Pods Frameworks";
			outputFileListPaths = (
				"${PODS_ROOT}/Target Support Files/Pods-WeatherDemo/Pods-WeatherDemo-frameworks-${CONFIGURATION}-output-files.xcfilelist",
			);
			runOnlyForDeploymentPostprocessing = 0;
			shellPath = /bin/sh;
			shellScript = "\"${PODS_ROOT}/Target Support Files/Pods-WeatherDemo/Pods-WeatherDemo-frameworks.sh\"\n";
			showEnvVarsInLog = 0;
		};
		4A04241BD33E201CDBF65B7D /* [CP] Check Pods Manifest.lock */ = {
			isa = PBXShellScriptBuildPhase;
			buildActionMask = 2147483647;
			files = (
			);
			inputFileListPaths = (
			);
			inputPaths = (
				"${PODS_PODFILE_DIR_PATH}/Podfile.lock",
				"${PODS_ROOT}/Manifest.lock",
			);
			name = "[CP] Check Pods Manifest.lock";
			outputFileListPaths = (
			);
			outputPaths = (
				"$(DERIVED_FILE_DIR)/Pods-WeatherDemo-checkManifestLockResult.txt",
			);
			runOnlyForDeploymentPostprocessing = 0;
			shellPath = /bin/sh;
			shellScript = "diff \"${PODS_PODFILE_DIR_PATH}/Podfile.lock\" \"${PODS_ROOT}/Manifest.lock\" > /dev/null\nif [ $? != 0 ] ; then\n    # print error to STDERR\n    echo \"error: The sandbox is not in sync with the Podfile.lock. Run 'pod install' or update your CocoaPods installation.\" >&2\n    exit 1\nfi\n# This output is used by Xcode 'outputs' to avoid re-running this script phase.\necho \"SUCCESS\" > \"${SCRIPT_OUTPUT_FILE_0}\"\n";
			showEnvVarsInLog = 0;
		};
		AA4A04EDA462CBB3EB29DA9F /* [CP] Embed Pods Frameworks */ = {
			isa = PBXShellScriptBuildPhase;
			buildActionMask = 2147483647;
			files = (
			);
			inputFileListPaths = (
				"${PODS_ROOT}/Target Support Files/Pods-WeatherDemo-WeatherDemoUITests/Pods-WeatherDemo-WeatherDemoUITests-frameworks-${CONFIGURATION}-input-files.xcfilelist",
			);
			name = "[CP] Embed Pods Frameworks";
			outputFileListPaths = (
				"${PODS_ROOT}/Target Support Files/Pods-WeatherDemo-WeatherDemoUITests/Pods-WeatherDemo-WeatherDemoUITests-frameworks-${CONFIGURATION}-output-files.xcfilelist",
			);
			runOnlyForDeploymentPostprocessing = 0;
			shellPath = /bin/sh;
			shellScript = "\"${PODS_ROOT}/Target Support Files/Pods-WeatherDemo-WeatherDemoUITests/Pods-WeatherDemo-WeatherDemoUITests-frameworks.sh\"\n";
			showEnvVarsInLog = 0;
		};
		B03957DFC77DDA71D6AB1A81 /* [CP] Check Pods Manifest.lock */ = {
			isa = PBXShellScriptBuildPhase;
			buildActionMask = 2147483647;
			files = (
			);
			inputFileListPaths = (
			);
			inputPaths = (
				"${PODS_PODFILE_DIR_PATH}/Podfile.lock",
				"${PODS_ROOT}/Manifest.lock",
			);
			name = "[CP] Check Pods Manifest.lock";
			outputFileListPaths = (
			);
			outputPaths = (
				"$(DERIVED_FILE_DIR)/Pods-WeatherDemo-WeatherDemoUITests-checkManifestLockResult.txt",
			);
			runOnlyForDeploymentPostprocessing = 0;
			shellPath = /bin/sh;
			shellScript = "diff \"${PODS_PODFILE_DIR_PATH}/Podfile.lock\" \"${PODS_ROOT}/Manifest.lock\" > /dev/null\nif [ $? != 0 ] ; then\n    # print error to STDERR\n    echo \"error: The sandbox is not in sync with the Podfile.lock. Run 'pod install' or update your CocoaPods installation.\" >&2\n    exit 1\nfi\n# This output is used by Xcode 'outputs' to avoid re-running this script phase.\necho \"SUCCESS\" > \"${SCRIPT_OUTPUT_FILE_0}\"\n";
			showEnvVarsInLog = 0;
		};
		CDB136EE8210547898A5F539 /* [CP] Check Pods Manifest.lock */ = {
			isa = PBXShellScriptBuildPhase;
			buildActionMask = 2147483647;
			files = (
			);
			inputFileListPaths = (
			);
			inputPaths = (
				"${PODS_PODFILE_DIR_PATH}/Podfile.lock",
				"${PODS_ROOT}/Manifest.lock",
			);
			name = "[CP] Check Pods Manifest.lock";
			outputFileListPaths = (
			);
			outputPaths = (
				"$(DERIVED_FILE_DIR)/Pods-WeatherDemoTests-checkManifestLockResult.txt",
			);
			runOnlyForDeploymentPostprocessing = 0;
			shellPath = /bin/sh;
			shellScript = "diff \"${PODS_PODFILE_DIR_PATH}/Podfile.lock\" \"${PODS_ROOT}/Manifest.lock\" > /dev/null\nif [ $? != 0 ] ; then\n    # print error to STDERR\n    echo \"error: The sandbox is not in sync with the Podfile.lock. Run 'pod install' or update your CocoaPods installation.\" >&2\n    exit 1\nfi\n# This output is used by Xcode 'outputs' to avoid re-running this script phase.\necho \"SUCCESS\" > \"${SCRIPT_OUTPUT_FILE_0}\"\n";
			showEnvVarsInLog = 0;
		};
/* End PBXShellScriptBuildPhase section */

/* Begin PBXSourcesBuildPhase section */
		7B80B67529E7AD1300A25A8C /* Sources */ = {
			isa = PBXSourcesBuildPhase;
			buildActionMask = 2147483647;
			files = (
				7B47FC9229E7B5B40085F1C9 /* WeatherViewModel.swift in Sources */,
				7B80B68129E7AD1300A25A8C /* ViewController.swift in Sources */,
				7B47FC9F29E7B7180085F1C9 /* UIViewController+Extensions.swift in Sources */,
				7B80B67D29E7AD1300A25A8C /* AppDelegate.swift in Sources */,
				7B47FC9729E7B66F0085F1C9 /* NetworkManager.swift in Sources */,
				7B47FC9629E7B66F0085F1C9 /* WeatherAPIManager.swift in Sources */,
				7B47FC9C29E7B6D00085F1C9 /* UserDefaults.swift in Sources */,
				7B80B67F29E7AD1300A25A8C /* SceneDelegate.swift in Sources */,
				7B47FC8D29E7B51B0085F1C9 /* WeatherRespone.swift in Sources */,
				7B47FC9B29E7B6D00085F1C9 /* Constants.swift in Sources */,
			);
			runOnlyForDeploymentPostprocessing = 0;
		};
		7B80B68B29E7AD1500A25A8C /* Sources */ = {
			isa = PBXSourcesBuildPhase;
			buildActionMask = 2147483647;
			files = (
				7B80B69429E7AD1500A25A8C /* WeatherDemoTests.swift in Sources */,
			);
			runOnlyForDeploymentPostprocessing = 0;
		};
		7B80B69529E7AD1500A25A8C /* Sources */ = {
			isa = PBXSourcesBuildPhase;
			buildActionMask = 2147483647;
			files = (
				7B80B6A029E7AD1500A25A8C /* WeatherDemoUITestsLaunchTests.swift in Sources */,
				7B80B69E29E7AD1500A25A8C /* WeatherDemoUITests.swift in Sources */,
			);
			runOnlyForDeploymentPostprocessing = 0;
		};
/* End PBXSourcesBuildPhase section */

/* Begin PBXTargetDependency section */
		7B80B69129E7AD1500A25A8C /* PBXTargetDependency */ = {
			isa = PBXTargetDependency;
			target = 7B80B67829E7AD1300A25A8C /* WeatherDemo */;
			targetProxy = 7B80B69029E7AD1500A25A8C /* PBXContainerItemProxy */;
		};
		7B80B69B29E7AD1500A25A8C /* PBXTargetDependency */ = {
			isa = PBXTargetDependency;
			target = 7B80B67829E7AD1300A25A8C /* WeatherDemo */;
			targetProxy = 7B80B69A29E7AD1500A25A8C /* PBXContainerItemProxy */;
		};
/* End PBXTargetDependency section */

/* Begin PBXVariantGroup section */
		7B80B68229E7AD1300A25A8C /* Main.storyboard */ = {
			isa = PBXVariantGroup;
			children = (
				7B80B68329E7AD1300A25A8C /* Base */,
			);
			name = Main.storyboard;
			sourceTree = "<group>";
		};
		7B80B68729E7AD1400A25A8C /* LaunchScreen.storyboard */ = {
			isa = PBXVariantGroup;
			children = (
				7B80B68829E7AD1400A25A8C /* Base */,
			);
			name = LaunchScreen.storyboard;
			sourceTree = "<group>";
		};
/* End PBXVariantGroup section */

/* Begin XCBuildConfiguration section */
		7B80B6A129E7AD1500A25A8C /* Debug */ = {
			isa = XCBuildConfiguration;
			buildSettings = {
				ALWAYS_SEARCH_USER_PATHS = NO;
				CLANG_ANALYZER_NONNULL = YES;
				CLANG_ANALYZER_NUMBER_OBJECT_CONVERSION = YES_AGGRESSIVE;
				CLANG_CXX_LANGUAGE_STANDARD = "gnu++20";
				CLANG_ENABLE_MODULES = YES;
				CLANG_ENABLE_OBJC_ARC = YES;
				CLANG_ENABLE_OBJC_WEAK = YES;
				CLANG_WARN_BLOCK_CAPTURE_AUTORELEASING = YES;
				CLANG_WARN_BOOL_CONVERSION = YES;
				CLANG_WARN_COMMA = YES;
				CLANG_WARN_CONSTANT_CONVERSION = YES;
				CLANG_WARN_DEPRECATED_OBJC_IMPLEMENTATIONS = YES;
				CLANG_WARN_DIRECT_OBJC_ISA_USAGE = YES_ERROR;
				CLANG_WARN_DOCUMENTATION_COMMENTS = YES;
				CLANG_WARN_EMPTY_BODY = YES;
				CLANG_WARN_ENUM_CONVERSION = YES;
				CLANG_WARN_INFINITE_RECURSION = YES;
				CLANG_WARN_INT_CONVERSION = YES;
				CLANG_WARN_NON_LITERAL_NULL_CONVERSION = YES;
				CLANG_WARN_OBJC_IMPLICIT_RETAIN_SELF = YES;
				CLANG_WARN_OBJC_LITERAL_CONVERSION = YES;
				CLANG_WARN_OBJC_ROOT_CLASS = YES_ERROR;
				CLANG_WARN_QUOTED_INCLUDE_IN_FRAMEWORK_HEADER = YES;
				CLANG_WARN_RANGE_LOOP_ANALYSIS = YES;
				CLANG_WARN_STRICT_PROTOTYPES = YES;
				CLANG_WARN_SUSPICIOUS_MOVE = YES;
				CLANG_WARN_UNGUARDED_AVAILABILITY = YES_AGGRESSIVE;
				CLANG_WARN_UNREACHABLE_CODE = YES;
				CLANG_WARN__DUPLICATE_METHOD_MATCH = YES;
				COPY_PHASE_STRIP = NO;
				DEBUG_INFORMATION_FORMAT = dwarf;
				ENABLE_STRICT_OBJC_MSGSEND = YES;
				ENABLE_TESTABILITY = YES;
				GCC_C_LANGUAGE_STANDARD = gnu11;
				GCC_DYNAMIC_NO_PIC = NO;
				GCC_NO_COMMON_BLOCKS = YES;
				GCC_OPTIMIZATION_LEVEL = 0;
				GCC_PREPROCESSOR_DEFINITIONS = (
					"DEBUG=1",
					"$(inherited)",
				);
				GCC_WARN_64_TO_32_BIT_CONVERSION = YES;
				GCC_WARN_ABOUT_RETURN_TYPE = YES_ERROR;
				GCC_WARN_UNDECLARED_SELECTOR = YES;
				GCC_WARN_UNINITIALIZED_AUTOS = YES_AGGRESSIVE;
				GCC_WARN_UNUSED_FUNCTION = YES;
				GCC_WARN_UNUSED_VARIABLE = YES;
				IPHONEOS_DEPLOYMENT_TARGET = 16.1;
				MTL_ENABLE_DEBUG_INFO = INCLUDE_SOURCE;
				MTL_FAST_MATH = YES;
				ONLY_ACTIVE_ARCH = YES;
				SDKROOT = iphoneos;
				SWIFT_ACTIVE_COMPILATION_CONDITIONS = DEBUG;
				SWIFT_OPTIMIZATION_LEVEL = "-Onone";
			};
			name = Debug;
		};
		7B80B6A229E7AD1500A25A8C /* Release */ = {
			isa = XCBuildConfiguration;
			buildSettings = {
				ALWAYS_SEARCH_USER_PATHS = NO;
				CLANG_ANALYZER_NONNULL = YES;
				CLANG_ANALYZER_NUMBER_OBJECT_CONVERSION = YES_AGGRESSIVE;
				CLANG_CXX_LANGUAGE_STANDARD = "gnu++20";
				CLANG_ENABLE_MODULES = YES;
				CLANG_ENABLE_OBJC_ARC = YES;
				CLANG_ENABLE_OBJC_WEAK = YES;
				CLANG_WARN_BLOCK_CAPTURE_AUTORELEASING = YES;
				CLANG_WARN_BOOL_CONVERSION = YES;
				CLANG_WARN_COMMA = YES;
				CLANG_WARN_CONSTANT_CONVERSION = YES;
				CLANG_WARN_DEPRECATED_OBJC_IMPLEMENTATIONS = YES;
				CLANG_WARN_DIRECT_OBJC_ISA_USAGE = YES_ERROR;
				CLANG_WARN_DOCUMENTATION_COMMENTS = YES;
				CLANG_WARN_EMPTY_BODY = YES;
				CLANG_WARN_ENUM_CONVERSION = YES;
				CLANG_WARN_INFINITE_RECURSION = YES;
				CLANG_WARN_INT_CONVERSION = YES;
				CLANG_WARN_NON_LITERAL_NULL_CONVERSION = YES;
				CLANG_WARN_OBJC_IMPLICIT_RETAIN_SELF = YES;
				CLANG_WARN_OBJC_LITERAL_CONVERSION = YES;
				CLANG_WARN_OBJC_ROOT_CLASS = YES_ERROR;
				CLANG_WARN_QUOTED_INCLUDE_IN_FRAMEWORK_HEADER = YES;
				CLANG_WARN_RANGE_LOOP_ANALYSIS = YES;
				CLANG_WARN_STRICT_PROTOTYPES = YES;
				CLANG_WARN_SUSPICIOUS_MOVE = YES;
				CLANG_WARN_UNGUARDED_AVAILABILITY = YES_AGGRESSIVE;
				CLANG_WARN_UNREACHABLE_CODE = YES;
				CLANG_WARN__DUPLICATE_METHOD_MATCH = YES;
				COPY_PHASE_STRIP = NO;
				DEBUG_INFORMATION_FORMAT = "dwarf-with-dsym";
				ENABLE_NS_ASSERTIONS = NO;
				ENABLE_STRICT_OBJC_MSGSEND = YES;
				GCC_C_LANGUAGE_STANDARD = gnu11;
				GCC_NO_COMMON_BLOCKS = YES;
				GCC_WARN_64_TO_32_BIT_CONVERSION = YES;
				GCC_WARN_ABOUT_RETURN_TYPE = YES_ERROR;
				GCC_WARN_UNDECLARED_SELECTOR = YES;
				GCC_WARN_UNINITIALIZED_AUTOS = YES_AGGRESSIVE;
				GCC_WARN_UNUSED_FUNCTION = YES;
				GCC_WARN_UNUSED_VARIABLE = YES;
				IPHONEOS_DEPLOYMENT_TARGET = 16.1;
				MTL_ENABLE_DEBUG_INFO = NO;
				MTL_FAST_MATH = YES;
				SDKROOT = iphoneos;
				SWIFT_COMPILATION_MODE = wholemodule;
				SWIFT_OPTIMIZATION_LEVEL = "-O";
				VALIDATE_PRODUCT = YES;
			};
			name = Release;
		};
		7B80B6A429E7AD1500A25A8C /* Debug */ = {
			isa = XCBuildConfiguration;
			baseConfigurationReference = 04607335769447EB2BD3AD81 /* Pods-WeatherDemo.debug.xcconfig */;
			buildSettings = {
				ASSETCATALOG_COMPILER_APPICON_NAME = AppIcon;
				ASSETCATALOG_COMPILER_GLOBAL_ACCENT_COLOR_NAME = AccentColor;
				CODE_SIGN_STYLE = Automatic;
				CURRENT_PROJECT_VERSION = 1;
				DEVELOPMENT_TEAM = 8HZD74RS42;
				GENERATE_INFOPLIST_FILE = YES;
				INFOPLIST_FILE = WeatherDemo/Info.plist;
				INFOPLIST_KEY_UIApplicationSupportsIndirectInputEvents = YES;
				INFOPLIST_KEY_UILaunchStoryboardName = LaunchScreen;
				INFOPLIST_KEY_UIMainStoryboardFile = Main;
				INFOPLIST_KEY_UISupportedInterfaceOrientations_iPad = "UIInterfaceOrientationPortrait UIInterfaceOrientationPortraitUpsideDown UIInterfaceOrientationLandscapeLeft UIInterfaceOrientationLandscapeRight";
				INFOPLIST_KEY_UISupportedInterfaceOrientations_iPhone = "UIInterfaceOrientationPortrait UIInterfaceOrientationLandscapeLeft UIInterfaceOrientationLandscapeRight";
				LD_RUNPATH_SEARCH_PATHS = (
					"$(inherited)",
					"@executable_path/Frameworks",
				);
				MARKETING_VERSION = 1.0;
				PRODUCT_BUNDLE_IDENTIFIER = com.prabhakar.WeatherDemo;
				PRODUCT_NAME = "$(TARGET_NAME)";
				SWIFT_EMIT_LOC_STRINGS = YES;
				SWIFT_VERSION = 5.0;
				TARGETED_DEVICE_FAMILY = "1,2";
			};
			name = Debug;
		};
		7B80B6A529E7AD1500A25A8C /* Release */ = {
			isa = XCBuildConfiguration;
			baseConfigurationReference = 3D2CF0750A4C1FA892B860CD /* Pods-WeatherDemo.release.xcconfig */;
			buildSettings = {
				ASSETCATALOG_COMPILER_APPICON_NAME = AppIcon;
				ASSETCATALOG_COMPILER_GLOBAL_ACCENT_COLOR_NAME = AccentColor;
				CODE_SIGN_STYLE = Automatic;
				CURRENT_PROJECT_VERSION = 1;
				DEVELOPMENT_TEAM = 8HZD74RS42;
				GENERATE_INFOPLIST_FILE = YES;
				INFOPLIST_FILE = WeatherDemo/Info.plist;
				INFOPLIST_KEY_UIApplicationSupportsIndirectInputEvents = YES;
				INFOPLIST_KEY_UILaunchStoryboardName = LaunchScreen;
				INFOPLIST_KEY_UIMainStoryboardFile = Main;
				INFOPLIST_KEY_UISupportedInterfaceOrientations_iPad = "UIInterfaceOrientationPortrait UIInterfaceOrientationPortraitUpsideDown UIInterfaceOrientationLandscapeLeft UIInterfaceOrientationLandscapeRight";
				INFOPLIST_KEY_UISupportedInterfaceOrientations_iPhone = "UIInterfaceOrientationPortrait UIInterfaceOrientationLandscapeLeft UIInterfaceOrientationLandscapeRight";
				LD_RUNPATH_SEARCH_PATHS = (
					"$(inherited)",
					"@executable_path/Frameworks",
				);
				MARKETING_VERSION = 1.0;
				PRODUCT_BUNDLE_IDENTIFIER = com.prabhakar.WeatherDemo;
				PRODUCT_NAME = "$(TARGET_NAME)";
				SWIFT_EMIT_LOC_STRINGS = YES;
				SWIFT_VERSION = 5.0;
				TARGETED_DEVICE_FAMILY = "1,2";
			};
			name = Release;
		};
		7B80B6A729E7AD1500A25A8C /* Debug */ = {
			isa = XCBuildConfiguration;
			baseConfigurationReference = 3EAB2360912F7949EA2ED287 /* Pods-WeatherDemoTests.debug.xcconfig */;
			buildSettings = {
				ALWAYS_EMBED_SWIFT_STANDARD_LIBRARIES = YES;
				BUNDLE_LOADER = "$(TEST_HOST)";
				CODE_SIGN_STYLE = Automatic;
				CURRENT_PROJECT_VERSION = 1;
				DEVELOPMENT_TEAM = 8HZD74RS42;
				GENERATE_INFOPLIST_FILE = YES;
				IPHONEOS_DEPLOYMENT_TARGET = 16.1;
				MARKETING_VERSION = 1.0;
				PRODUCT_BUNDLE_IDENTIFIER = com.prabhakar.WeatherDemoTests;
				PRODUCT_NAME = "$(TARGET_NAME)";
				SWIFT_EMIT_LOC_STRINGS = NO;
				SWIFT_VERSION = 5.0;
				TARGETED_DEVICE_FAMILY = "1,2";
				TEST_HOST = "$(BUILT_PRODUCTS_DIR)/WeatherDemo.app/$(BUNDLE_EXECUTABLE_FOLDER_PATH)/WeatherDemo";
			};
			name = Debug;
		};
		7B80B6A829E7AD1500A25A8C /* Release */ = {
			isa = XCBuildConfiguration;
			baseConfigurationReference = 4F1C9371C6EF2693A4591880 /* Pods-WeatherDemoTests.release.xcconfig */;
			buildSettings = {
				ALWAYS_EMBED_SWIFT_STANDARD_LIBRARIES = YES;
				BUNDLE_LOADER = "$(TEST_HOST)";
				CODE_SIGN_STYLE = Automatic;
				CURRENT_PROJECT_VERSION = 1;
				DEVELOPMENT_TEAM = 8HZD74RS42;
				GENERATE_INFOPLIST_FILE = YES;
				IPHONEOS_DEPLOYMENT_TARGET = 16.1;
				MARKETING_VERSION = 1.0;
				PRODUCT_BUNDLE_IDENTIFIER = com.prabhakar.WeatherDemoTests;
				PRODUCT_NAME = "$(TARGET_NAME)";
				SWIFT_EMIT_LOC_STRINGS = NO;
				SWIFT_VERSION = 5.0;
				TARGETED_DEVICE_FAMILY = "1,2";
				TEST_HOST = "$(BUILT_PRODUCTS_DIR)/WeatherDemo.app/$(BUNDLE_EXECUTABLE_FOLDER_PATH)/WeatherDemo";
			};
			name = Release;
		};
		7B80B6AA29E7AD1500A25A8C /* Debug */ = {
			isa = XCBuildConfiguration;
			baseConfigurationReference = 51915A75AA6FA1547C13B413 /* Pods-WeatherDemo-WeatherDemoUITests.debug.xcconfig */;
			buildSettings = {
				ALWAYS_EMBED_SWIFT_STANDARD_LIBRARIES = YES;
				CODE_SIGN_STYLE = Automatic;
				CURRENT_PROJECT_VERSION = 1;
				DEVELOPMENT_TEAM = 8HZD74RS42;
				GENERATE_INFOPLIST_FILE = YES;
				MARKETING_VERSION = 1.0;
				PRODUCT_BUNDLE_IDENTIFIER = com.prabhakar.WeatherDemoUITests;
				PRODUCT_NAME = "$(TARGET_NAME)";
				SWIFT_EMIT_LOC_STRINGS = NO;
				SWIFT_VERSION = 5.0;
				TARGETED_DEVICE_FAMILY = "1,2";
				TEST_TARGET_NAME = WeatherDemo;
			};
			name = Debug;
		};
		7B80B6AB29E7AD1500A25A8C /* Release */ = {
			isa = XCBuildConfiguration;
			baseConfigurationReference = 5B0C55FC76AE1820F30521E1 /* Pods-WeatherDemo-WeatherDemoUITests.release.xcconfig */;
			buildSettings = {
				ALWAYS_EMBED_SWIFT_STANDARD_LIBRARIES = YES;
				CODE_SIGN_STYLE = Automatic;
				CURRENT_PROJECT_VERSION = 1;
				DEVELOPMENT_TEAM = 8HZD74RS42;
				GENERATE_INFOPLIST_FILE = YES;
				MARKETING_VERSION = 1.0;
				PRODUCT_BUNDLE_IDENTIFIER = com.prabhakar.WeatherDemoUITests;
				PRODUCT_NAME = "$(TARGET_NAME)";
				SWIFT_EMIT_LOC_STRINGS = NO;
				SWIFT_VERSION = 5.0;
				TARGETED_DEVICE_FAMILY = "1,2";
				TEST_TARGET_NAME = WeatherDemo;
			};
			name = Release;
		};
/* End XCBuildConfiguration section */

/* Begin XCConfigurationList section */
		7B80B67429E7AD1300A25A8C /* Build configuration list for PBXProject "WeatherDemo" */ = {
			isa = XCConfigurationList;
			buildConfigurations = (
				7B80B6A129E7AD1500A25A8C /* Debug */,
				7B80B6A229E7AD1500A25A8C /* Release */,
			);
			defaultConfigurationIsVisible = 0;
			defaultConfigurationName = Release;
		};
		7B80B6A329E7AD1500A25A8C /* Build configuration list for PBXNativeTarget "WeatherDemo" */ = {
			isa = XCConfigurationList;
			buildConfigurations = (
				7B80B6A429E7AD1500A25A8C /* Debug */,
				7B80B6A529E7AD1500A25A8C /* Release */,
			);
			defaultConfigurationIsVisible = 0;
			defaultConfigurationName = Release;
		};
		7B80B6A629E7AD1500A25A8C /* Build configuration list for PBXNativeTarget "WeatherDemoTests" */ = {
			isa = XCConfigurationList;
			buildConfigurations = (
				7B80B6A729E7AD1500A25A8C /* Debug */,
				7B80B6A829E7AD1500A25A8C /* Release */,
			);
			defaultConfigurationIsVisible = 0;
			defaultConfigurationName = Release;
		};
		7B80B6A929E7AD1500A25A8C /* Build configuration list for PBXNativeTarget "WeatherDemoUITests" */ = {
			isa = XCConfigurationList;
			buildConfigurations = (
				7B80B6AA29E7AD1500A25A8C /* Debug */,
				7B80B6AB29E7AD1500A25A8C /* Release */,
			);
			defaultConfigurationIsVisible = 0;
			defaultConfigurationName = Release;
		};
/* End XCConfigurationList section */
	};
	rootObject = 7B80B67129E7AD1300A25A8C /* Project object */;
}
